
Microsoft Visual Studio Solution File, Format Version 12.00
# Visual Studio 15
VisualStudioVersion = 15.0.28307.421
MinimumVisualStudioVersion = 10.0.40219.1
Project("{F2A71F9B-5D33-465A-A702-920D77279786}") = "Test1.3rewrite2-stack", "Test1.3rewrite2-stack\Test1.3rewrite2-stack.fsproj", "{95AE5253-65EA-4F2A-BB38-91B0D82A479F}"
EndProject
Project("{F2A71F9B-5D33-465A-A702-920D77279786}") = "StackTests", "StackTests\StackTests.fsproj", "{4F31DAD1-B0AE-4D7A-9852-426A45ADDAFA}"
EndProject
Global
	GlobalSection(SolutionConfigurationPlatforms) = preSolution
		Debug|Any CPU = Debug|Any CPU
		Release|Any CPU = Release|Any CPU
	EndGlobalSection
	GlobalSection(ProjectConfigurationPlatforms) = postSolution
		{95AE5253-65EA-4F2A-BB38-91B0D82A479F}.Debug|Any CPU.ActiveCfg = Debug|Any CPU
		{95AE5253-65EA-4F2A-BB38-91B0D82A479F}.Debug|Any CPU.Build.0 = Debug|Any CPU
		{95AE5253-65EA-4F2A-BB38-91B0D82A479F}.Release|Any CPU.ActiveCfg = Release|Any CPU
		{95AE5253-65EA-4F2A-BB38-91B0D82A479F}.Release|Any CPU.Build.0 = Release|Any CPU
		{4F31DAD1-B0AE-4D7A-9852-426A45ADDAFA}.Debug|Any CPU.ActiveCfg = Debug|Any CPU
		{4F31DAD1-B0AE-4D7A-9852-426A45ADDAFA}.Debug|Any CPU.Build.0 = Debug|Any CPU
		{4F31DAD1-B0AE-4D7A-9852-426A45ADDAFA}.Release|Any CPU.ActiveCfg = Release|Any CPU
		{4F31DAD1-B0AE-4D7A-9852-426A45ADDAFA}.Release|Any CPU.Build.0 = Release|Any CPU
	EndGlobalSection
	GlobalSection(SolutionProperties) = preSolution
		HideSolutionNode = FALSE
	EndGlobalSection
	GlobalSection(ExtensibilityGlobals) = postSolution
		SolutionGuid = {5B6F4D7A-CC46-44A2-901B-2BF46445CF21}
	EndGlobalSection
EndGlobal
