
Microsoft Visual Studio Solution File, Format Version 12.00
# Visual Studio 15
VisualStudioVersion = 15.0.28307.421
MinimumVisualStudioVersion = 10.0.40219.1
Project("{6EC3EE1D-3C4E-46DD-8F32-0CC8E7565705}") = "Phones", "Phones\Phones.fsproj", "{A626573B-D354-41B8-A814-40BF3A18CCCF}"
EndProject
Project("{F2A71F9B-5D33-465A-A702-920D77279786}") = "PhonesTests", "PhonesTests\PhonesTests.fsproj", "{D491EA40-EFE6-45D8-8008-73E11B3C11BD}"
EndProject
Global
	GlobalSection(SolutionConfigurationPlatforms) = preSolution
		Debug|Any CPU = Debug|Any CPU
		Release|Any CPU = Release|Any CPU
	EndGlobalSection
	GlobalSection(ProjectConfigurationPlatforms) = postSolution
		{A626573B-D354-41B8-A814-40BF3A18CCCF}.Debug|Any CPU.ActiveCfg = Debug|Any CPU
		{A626573B-D354-41B8-A814-40BF3A18CCCF}.Debug|Any CPU.Build.0 = Debug|Any CPU
		{A626573B-D354-41B8-A814-40BF3A18CCCF}.Release|Any CPU.ActiveCfg = Release|Any CPU
		{A626573B-D354-41B8-A814-40BF3A18CCCF}.Release|Any CPU.Build.0 = Release|Any CPU
		{D491EA40-EFE6-45D8-8008-73E11B3C11BD}.Debug|Any CPU.ActiveCfg = Debug|Any CPU
		{D491EA40-EFE6-45D8-8008-73E11B3C11BD}.Debug|Any CPU.Build.0 = Debug|Any CPU
		{D491EA40-EFE6-45D8-8008-73E11B3C11BD}.Release|Any CPU.ActiveCfg = Release|Any CPU
		{D491EA40-EFE6-45D8-8008-73E11B3C11BD}.Release|Any CPU.Build.0 = Release|Any CPU
	EndGlobalSection
	GlobalSection(SolutionProperties) = preSolution
		HideSolutionNode = FALSE
	EndGlobalSection
	GlobalSection(ExtensibilityGlobals) = postSolution
		SolutionGuid = {3B6665E7-4DDB-4C5E-B509-02B6C432F8A8}
	EndGlobalSection
EndGlobal
