
Microsoft Visual Studio Solution File, Format Version 12.00
# Visual Studio 15
VisualStudioVersion = 15.0.28307.421
MinimumVisualStudioVersion = 10.0.40219.1
Project("{F2A71F9B-5D33-465A-A702-920D77279786}") = "Test1.2-palindrome", "Test1.2-palindrome\Test1.2-palindrome.fsproj", "{6F850EF6-6216-45BE-BF64-14D2E0A90EC8}"
EndProject
Global
	GlobalSection(SolutionConfigurationPlatforms) = preSolution
		Debug|Any CPU = Debug|Any CPU
		Release|Any CPU = Release|Any CPU
	EndGlobalSection
	GlobalSection(ProjectConfigurationPlatforms) = postSolution
		{6F850EF6-6216-45BE-BF64-14D2E0A90EC8}.Debug|Any CPU.ActiveCfg = Debug|Any CPU
		{6F850EF6-6216-45BE-BF64-14D2E0A90EC8}.Debug|Any CPU.Build.0 = Debug|Any CPU
		{6F850EF6-6216-45BE-BF64-14D2E0A90EC8}.Release|Any CPU.ActiveCfg = Release|Any CPU
		{6F850EF6-6216-45BE-BF64-14D2E0A90EC8}.Release|Any CPU.Build.0 = Release|Any CPU
	EndGlobalSection
	GlobalSection(SolutionProperties) = preSolution
		HideSolutionNode = FALSE
	EndGlobalSection
	GlobalSection(ExtensibilityGlobals) = postSolution
		SolutionGuid = {785D4CE0-8CDA-47B7-B1AE-BB296F3AE1C8}
	EndGlobalSection
EndGlobal
