
Microsoft Visual Studio Solution File, Format Version 12.00
# Visual Studio 15
VisualStudioVersion = 15.0.28307.421
MinimumVisualStudioVersion = 10.0.40219.1
Project("{F2A71F9B-5D33-465A-A702-920D77279786}") = "Downloader", "Downloader\Downloader.fsproj", "{DE947C3B-74BB-4DAA-A031-C13CF7D8E453}"
EndProject
Project("{F2A71F9B-5D33-465A-A702-920D77279786}") = "DownloaderTests", "DownloaderTests\DownloaderTests.fsproj", "{5F67469A-1F9D-4D87-9325-6E8DCD3B9823}"
EndProject
Global
	GlobalSection(SolutionConfigurationPlatforms) = preSolution
		Debug|Any CPU = Debug|Any CPU
		Release|Any CPU = Release|Any CPU
	EndGlobalSection
	GlobalSection(ProjectConfigurationPlatforms) = postSolution
		{DE947C3B-74BB-4DAA-A031-C13CF7D8E453}.Debug|Any CPU.ActiveCfg = Debug|Any CPU
		{DE947C3B-74BB-4DAA-A031-C13CF7D8E453}.Debug|Any CPU.Build.0 = Debug|Any CPU
		{DE947C3B-74BB-4DAA-A031-C13CF7D8E453}.Release|Any CPU.ActiveCfg = Release|Any CPU
		{DE947C3B-74BB-4DAA-A031-C13CF7D8E453}.Release|Any CPU.Build.0 = Release|Any CPU
		{5F67469A-1F9D-4D87-9325-6E8DCD3B9823}.Debug|Any CPU.ActiveCfg = Debug|Any CPU
		{5F67469A-1F9D-4D87-9325-6E8DCD3B9823}.Debug|Any CPU.Build.0 = Debug|Any CPU
		{5F67469A-1F9D-4D87-9325-6E8DCD3B9823}.Release|Any CPU.ActiveCfg = Release|Any CPU
		{5F67469A-1F9D-4D87-9325-6E8DCD3B9823}.Release|Any CPU.Build.0 = Release|Any CPU
	EndGlobalSection
	GlobalSection(SolutionProperties) = preSolution
		HideSolutionNode = FALSE
	EndGlobalSection
	GlobalSection(ExtensibilityGlobals) = postSolution
		SolutionGuid = {44E2F657-FC46-496C-8A5F-50BB4E3C6A27}
	EndGlobalSection
EndGlobal
